sha256-of-rest 7d4ec1dc11265bb1746a671ee794f1fb8dc094b0ef87f9a92e750820d2c940f0
08938c10c6b4a688c8afda6cd7d1ad3dbf2c20f83cf8c4e7023055ad34eddc70 contracts/README.md ${REPO}/contracts/README.md 0644
5f2b5a68028671166b3a0cd62d62a08a12f8a10af5034a2b5e4cadb50c1fb264 contracts/common/_schema.schema.json ${REPO}/contracts/common/_schema.schema.json 0644
1730119518c3371f3c2ff3492f4c15cd731688047c6d40805ec4d2c65892f3ff contracts/common/_template.contract.json ${REPO}/contracts/common/_template.contract.json 0644
fd2a18bb7db1b17b97583b1c15ada2e1f409afb5f4a194d0c04e9f0ce8f721de contracts/common/lemeng.branch.json ${REPO}/contracts/common/lemeng.branch.json 0644
341db4e3ba1cc784fd90fc965b0d574ca136b5731defdca0d868a6299d387b6e contracts/common/lemeng.client.json ${REPO}/contracts/common/lemeng.client.json 0644
c21d94810de28ee9fbe88aa05f7f2653bcd5acf47d75ba642c7ec995db442e21 contracts/common/lemeng.item.json ${REPO}/contracts/common/lemeng.item.json 0644
494a92cbade979562e1a1e47e1413a79c1b9c67e4883218c5e3f9f78298f95a5 contracts/common/lemeng.item_price.json ${REPO}/contracts/common/lemeng.item_price.json 0644
a2c36ee626a700680e36bf3106abf74a4569c5461f4ba33d1ad148afd6690045 contracts/common/lemeng.retail_order_line.json ${REPO}/contracts/common/lemeng.retail_order_line.json 0644
4b44147886c8b2f704027934ed56adc253620b74999fe9bffc994c1a6e5bc68e contracts/common/lemeng.transfer_out.json ${REPO}/contracts/common/lemeng.transfer_out.json 0644
287138a6b452058515d7d989181879f1848669723efc9ece30c8c0c49526af90 contracts/common/lemeng.wholesale_out.json ${REPO}/contracts/common/lemeng.wholesale_out.json 0644
a9209aad12e3020eefc11f94f51d935c49d1bff9eabf94fb0262d182a6a37c7a contracts/customers/README.md ${REPO}/contracts/customers/README.md 0644
6a2c9de802c9cac1bd2e3dbc3f93987d71a736409c6f574286daa3c297dda989 dbt/README.md ${REPO}/dbt/README.md 0644
afc715f6c6bd13f7ad56a5f31fb4d3f000f7e5d98bae61a672ae05a3dfdd0382 dbt/dbt_project.yml ${REPO}/dbt/dbt_project.yml 0644
26d553e851b08aed2e399284165f9b314bf09a3ae13047a03386270a12f4f2b6 dbt/macros/generate_schema_name.sql ${REPO}/dbt/macros/generate_schema_name.sql 0644
d9a9697ca436b57024e8f2bf998ae08b91e42dd0698616b6198827bda6f49d41 dbt/macros/subject_org.sql ${REPO}/dbt/macros/subject_org.sql 0644
c187b91057330b6b59f32ca1b023587f6d68f6102d15c73112c98569b8ad9ccf dbt/models/common/marts/fct_retail_sale.sql ${REPO}/dbt/models/common/marts/fct_retail_sale.sql 0644
6af08fb8d42f864ad60f2fd1ed49ee90c65e32f19a9b0ac04245a5afe3388a4a dbt/models/common/marts/schema.yml ${REPO}/dbt/models/common/marts/schema.yml 0644
d6dd2b4f0ffabef4abd0e1e2c1c36eab5441106bc84bad55f0d0ee58164ba825 dbt/models/common/staging/schema.yml ${REPO}/dbt/models/common/staging/schema.yml 0644
4a750bfca769d944dfc731c1879ae5f44ed5547e7cdad5ca6521f3df5a52b214 dbt/models/common/staging/sources.yml ${REPO}/dbt/models/common/staging/sources.yml 0644
8026db5c26b6e82cdfa4459858b8c67af4b1e957602e70ff6092634ac9fbe2dd dbt/models/common/staging/stg_lemeng_branch.sql ${REPO}/dbt/models/common/staging/stg_lemeng_branch.sql 0644
4185bdd5ec044744580562f27c958e89691ed27f6fe3f374b9d8793b57298a6a dbt/models/common/staging/stg_lemeng_client.sql ${REPO}/dbt/models/common/staging/stg_lemeng_client.sql 0644
4ae58c36566be04fdb5bc672a667a976d03ad23d61ffc1139fe8e8dad17e2c8f dbt/models/common/staging/stg_lemeng_item.sql ${REPO}/dbt/models/common/staging/stg_lemeng_item.sql 0644
7019e2a3aadcf711764dacc00bae1c359981b15a059ecd8b2e59b74e20a3ef08 dbt/models/common/staging/stg_lemeng_item_price.sql ${REPO}/dbt/models/common/staging/stg_lemeng_item_price.sql 0644
594f05fb02f9bb4f4f6c081aabd9d423cee9a15428c71223e4020b10df1f4d11 dbt/models/common/staging/stg_lemeng_retail_order_line.sql ${REPO}/dbt/models/common/staging/stg_lemeng_retail_order_line.sql 0644
af0bf5e9898b5a8aad0d3ac4f1bbdb904a360bfcebfebb41dcffd58f9990e5c2 dbt/models/common/staging/stg_lemeng_transfer_out.sql ${REPO}/dbt/models/common/staging/stg_lemeng_transfer_out.sql 0644
52143638e77f4900adeb088bc4ecff5eefda07bcf151d9948367ae1a8488c3f1 dbt/models/common/staging/stg_lemeng_wholesale_out.sql ${REPO}/dbt/models/common/staging/stg_lemeng_wholesale_out.sql 0644
a1f67bb6f1d23d81171b4c18eab23e3d07d0d6537e6f58a45dcf3666ae26ff61 dbt/models/customers/README.md ${REPO}/dbt/models/customers/README.md 0644
e35ce8e83454c44745e744ea45edc91662c9f73ec6e6c187ab5b292fa1ebf4cd dbt/profiles.example.yml ${REPO}/dbt/profiles.example.yml 0644
558a05f026fb95ea4c667cd0fdd19036f11483ee6262d97eb89eef60ca3602eb dbt/semantics/l1_metrics.yml ${REPO}/dbt/semantics/l1_metrics.yml 0644
d7f2b4ca776fe19e48aa0cdda0a16383362aca7b8a643bdd6c264a69b80abb0f dbt/tests/assert_fct_retail_sale_grain_unique.sql ${REPO}/dbt/tests/assert_fct_retail_sale_grain_unique.sql 0644
b435244109cd98dec80a5b605a7559c9cd0f2923d34b6488fea63ada19033f76 dbt/tests/assert_fct_retail_sale_net_amount_nonnegative.sql ${REPO}/dbt/tests/assert_fct_retail_sale_net_amount_nonnegative.sql 0644
e8ffbf302bc98198d4d7de157db720568c42817e42ee3e564e5f229c50b4baa9 dbt/tests/assert_stg_lemeng_branch_key_unique.sql ${REPO}/dbt/tests/assert_stg_lemeng_branch_key_unique.sql 0644
34577475a0ec1f4b61a34224fdcb19905301a2755ed9c9c2b6209c67e583589c dbt/tests/assert_stg_lemeng_client_key_unique.sql ${REPO}/dbt/tests/assert_stg_lemeng_client_key_unique.sql 0644
fe8339e0c38c1f17ca75be63fefd86718cbccdb0c68a9d70697473ddecbb356d dbt/tests/assert_stg_lemeng_item_key_unique.sql ${REPO}/dbt/tests/assert_stg_lemeng_item_key_unique.sql 0644
5ecaacb0afbb5e094a392facd0316d3b8f0490cc3fc87e8c1cefba437238db08 dbt/tests/assert_stg_lemeng_item_price_key_unique.sql ${REPO}/dbt/tests/assert_stg_lemeng_item_price_key_unique.sql 0644
61417386685c4a9e527f0dac3b53c799c9ead100f97d4b1077e2f6ed1f19e130 dbt/tests/assert_stg_lemeng_retail_order_line_key_unique.sql ${REPO}/dbt/tests/assert_stg_lemeng_retail_order_line_key_unique.sql 0644
2e04976b843c3d10eed9ebe6e0ac0a16b9e16175341ad66e7a94fa7ba7132cab dbt/tests/assert_stg_lemeng_transfer_out_key_unique.sql ${REPO}/dbt/tests/assert_stg_lemeng_transfer_out_key_unique.sql 0644
c353abbaaf76f9f575956215a659d7e2e0d6e2db23a80f317d3b377e3e0a7389 dbt/tests/assert_stg_lemeng_wholesale_out_key_unique.sql ${REPO}/dbt/tests/assert_stg_lemeng_wholesale_out_key_unique.sql 0644
ba67981912b34333261f8c210a153833de377609c31c5ec28bfd3c9d7eae841d dbt/tests/audit_lemeng__retail__hour_row_count.sql ${REPO}/dbt/tests/audit_lemeng__retail__hour_row_count.sql 0644
4781409c9d5e9e3137e1addf4487645b292b9cd3ca826b5a49c2f418b64aed40 dbt/tests/audit_lemeng__retail__net_sales.sql ${REPO}/dbt/tests/audit_lemeng__retail__net_sales.sql 0644
e7dda1b79c0deb7bcc31b926a334c2ed4d825ee8e6167541e9ecfd17128d2c4a dbt/tests/audit_lemeng__retail__order_count.sql ${REPO}/dbt/tests/audit_lemeng__retail__order_count.sql 0644
da436ffc748b8d6d9b6ad17d72fac7ff3fbafa5b65a158b849692b8a821ed721 dbt/tests/audit_lemeng__retail__recon_exchange_shape.sql ${REPO}/dbt/tests/audit_lemeng__retail__recon_exchange_shape.sql 0644
a0e2f1d771f38a72b0050821c0426760814b3f01a4df794c3ec01b1d602ad3e1 dbt/tests/audit_lemeng__retail__recon_gift_hit.sql ${REPO}/dbt/tests/audit_lemeng__retail__recon_gift_hit.sql 0644
2f8f1d2a0b26ff430cd0bf65e51bddae522ac3ecc66cd9c326b322250871438b deploy/data-compose.yml ${REPO}/deploy/data-compose.yml 0644
8679ed09c1ac5c65194c59fb2044e9edb2b7e5266ce08af4e08bd90bd4c70f6d deploy/duckle/Dockerfile ${REPO}/deploy/duckle/Dockerfile 0644
2603bbb21d839cc89afeb39c9893b0bfa0a7d2f2e98276d374d58e7f163f7f9d deploy/duckle/console/DELIVERY.md ${REPO}/deploy/duckle/console/DELIVERY.md 0644
1400d3594fe2c5d513b7f96493c25027d19b21ec52e6c2a5a1403f627990848f deploy/duckle/console/README.md ${REPO}/deploy/duckle/console/README.md 0644
806bd0525bb9259c28fc29394e6456c1c0a7a9f79b338657205c81fd7d625296 deploy/duckle/console/alerts.lemeng.json ${REPO}/deploy/duckle/console/alerts.lemeng.json 0644
1f3e8af29c6c2218ce4cf89d0c0eac52a824bb5d670894d7f71b096134275db3 deploy/duckle/console/owners.lemeng.json ${REPO}/deploy/duckle/console/owners.lemeng.json 0644
3e70abc7f9dc66dff1b7c28e5bdd672017f297d0bd37d528be9203d4b3902c8c deploy/duckle/console/pipelines/FLOW.lemeng.md ${REPO}/deploy/duckle/console/pipelines/FLOW.lemeng.md 0644
7039c29c4d8c215c780e4ec987789c184844d375d4ce84968f837d0f0bfa7ccd deploy/duckle/console/pipelines/README.md ${REPO}/deploy/duckle/console/pipelines/README.md 0644
4c332362b7832cec68ef766016f7ba312005c349965c5fbca777f6b7e4dd0aa1 deploy/duckle/console/pipelines/lemeng.client.l0.3120.json ${REPO}/deploy/duckle/console/pipelines/lemeng.client.l0.3120.json 0644
70f4eea18187b50fed5144aac7e8fb7c5e644983a42063cc91ae00580d8a6a03 deploy/duckle/console/pipelines/lemeng.dim.branch.l0.json ${REPO}/deploy/duckle/console/pipelines/lemeng.dim.branch.l0.json 0644
f27414725b75d8f8764645e7366c45ad8da85a836106656f7490c45370b0d968 deploy/duckle/console/pipelines/lemeng.dim.item.l0.json ${REPO}/deploy/duckle/console/pipelines/lemeng.dim.item.l0.json 0644
6a558e66c877672ccb03ab6601e7f1fd37dc9563f323f2f07f5a3eca2efe378c deploy/duckle/console/pipelines/lemeng.dim.item_price.l0.3120.json ${REPO}/deploy/duckle/console/pipelines/lemeng.dim.item_price.l0.3120.json 0644
db746151831a664b64463d6c42553254c20710eba7e9d5535d583abdf9083b0e deploy/duckle/console/pipelines/lemeng.dim.item_price.l0.json ${REPO}/deploy/duckle/console/pipelines/lemeng.dim.item_price.l0.json 0644
356cf75a93e79a4096a77ef4aea04073aff85672e0864c8e8f32c31df03c0cd8 deploy/duckle/console/pipelines/lemeng.recon.preagg.item.json ${REPO}/deploy/duckle/console/pipelines/lemeng.recon.preagg.item.json 0644
b7e0b0712cf36f752c35aba512174689f545932e1d18eac5388f1318d7e7d878 deploy/duckle/console/pipelines/lemeng.recon.preagg.json ${REPO}/deploy/duckle/console/pipelines/lemeng.recon.preagg.json 0644
cb9be6077ea55c556b605cc891e409c2b60c912ce8b4bff0af630e03deb836e9 deploy/duckle/console/pipelines/lemeng.retail.close.l1.json ${REPO}/deploy/duckle/console/pipelines/lemeng.retail.close.l1.json 0644
99e4437d424e790c6765086a5295a3fc04d7847514041efb9dca439265d5aa26 deploy/duckle/console/pipelines/lemeng.retail.tick.l1.json ${REPO}/deploy/duckle/console/pipelines/lemeng.retail.tick.l1.json 0644
158885e757c771a2b163d870fe834b73b6df92adb0dd65f49cf728abd733fe65 deploy/duckle/console/pipelines/lemeng.retail.windows.backfill.json ${REPO}/deploy/duckle/console/pipelines/lemeng.retail.windows.backfill.json 0644
d14eba6eefd40b061e6217467c0acbad72f9ab498597ef040f6c94c8b9c749b7 deploy/duckle/console/pipelines/lemeng.retail.windows.l1.json ${REPO}/deploy/duckle/console/pipelines/lemeng.retail.windows.l1.json 0644
8410db0c0a7aee75300c77cf81fee71df33dd124bd0ad1ef1d9c9654e9302a42 deploy/duckle/console/pipelines/lemeng.retail_order_line.tick.json ${REPO}/deploy/duckle/console/pipelines/lemeng.retail_order_line.tick.json 0644
591af2b7f12bc23d404572de406d8a7253b7c5cc0a1cf5769a330ee67cec2a89 deploy/duckle/console/pipelines/lemeng.retail_order_line.window.json ${REPO}/deploy/duckle/console/pipelines/lemeng.retail_order_line.window.json 0644
2deb937a52638d26d45569c5af6844695ceb87f0863fa71070de2fa412a38314 deploy/duckle/console/pipelines/lemeng.transfer.out.l0.3120.json ${REPO}/deploy/duckle/console/pipelines/lemeng.transfer.out.l0.3120.json 0644
9f0dafff3a94b098628fe49f89c84507f01258176eb78d2159d8079590470c54 deploy/duckle/console/pipelines/lemeng.wholesale.out.l0.3120.json ${REPO}/deploy/duckle/console/pipelines/lemeng.wholesale.out.l0.3120.json 0644
89ca7259ff15e485dcf6bf63872f868c29a714f2502226dc44fa38306d60a333 deploy/duckle/console/schedules/3120.json ${REPO}/deploy/duckle/console/schedules/3120.json 0644
6fc01f966c5c40fa2d7311aac5fa5f2d534eb08ecbf791f69bac3e77ee76086b deploy/duckle/console/schedules/64188.json ${REPO}/deploy/duckle/console/schedules/64188.json 0644
a6d73597b4cb6dad45f30b9201acf8af48ec42672c79a43989b6d7e71099dd92 deploy/duckle/entrypoint.sh ${REPO}/deploy/duckle/entrypoint.sh 0644
e5692c786e70ea50917462573d035bc4cc4c9e25c81f9489fc5b3bb8070e6f64 duckle/README.md ${REPO}/duckle/README.md 0644
9c48a28d51a5c5d4f2232609c4312ea82fe4040edbd768b5966b49182ad6eef8 duckle/common/README.md ${REPO}/duckle/common/README.md 0644
691d2f8416d4588f656c174cc00528e4bfa65b85ceb84758900086ca756b2e26 duckle/customers/README.md ${REPO}/duckle/customers/README.md 0644
a477c6828f557fc13d0860edd1240d0b6446d19380270536881ac676cf046814 scripts/duckle/connection-setup.py /opt/connection-setup.py 0755
bbcc8969b337591f9431a1a06f0d603deab72d59364ce21722bb3139e7a31100 scripts/lemeng/backfill-retail-order-line.sh /opt/lemeng-backfill.sh 0755
c39a443f475d4f37374c1f68554b24de3a833e6f0b691d3a32416d4690ebe0ce scripts/lemeng/diagnose.sh /opt/lemeng-diagnose.sh 0755
d3c7fb72c9a2c243b6973177432294b446a10770b3bbad4da731fd306cad2e97 scripts/lemeng/readback-helper.sh ${REPO}/lemeng-readback.sh 0755
5b1eda1de0507ce9c70e37d1f0171915ffcbc3bd44b038aa8c761538bba5341a scripts/lemeng/recon-day-heal.sh /opt/lemeng-recon-day-heal.sh 0755
23b895332aea35d74ae2e19b9431ecc63ff81396a5d473b092f5ae6feaa161ae scripts/lemeng/recon-preagg.sh /opt/lemeng-recon-preagg.sh 0755
185b13c328e83a04651799684a38be905e9cc217d78ed9079fdf3aa2918299e3 scripts/lemeng/seal-lake.sh /opt/lemeng-seal.sh 0755
46b35ed07ab2639f1f27ad856935a64fd8bd854c43fc6782d1679c06f4460c26 scripts/lemeng/seed-console.sh /opt/lemeng-seed-console.sh 0755
044b90c3e79d706641efb7a8a181819d1763e7de9d250c4ab99bc04a8aa9a70d scripts/lemeng/wire-warehouse.sh /opt/lemeng-wire-warehouse.sh 0755
