sha256-of-rest f0838438336e6790babc1c869f57e821156fa184a88d302b250cf1978213b06d
7fffd3496b865037d505c1f6e28f9d6323609f6d0ad347d7df15307958e57f37 dbt/README.md ${REPO}/dbt/README.md 0644
dedddd922494d878ea2930b841067caaa8eba5360374e8304154eaed44a93f63 dbt/dbt_project.yml ${REPO}/dbt/dbt_project.yml 0644
26d553e851b08aed2e399284165f9b314bf09a3ae13047a03386270a12f4f2b6 dbt/macros/generate_schema_name.sql ${REPO}/dbt/macros/generate_schema_name.sql 0644
d9a9697ca436b57024e8f2bf998ae08b91e42dd0698616b6198827bda6f49d41 dbt/macros/subject_org.sql ${REPO}/dbt/macros/subject_org.sql 0644
e10d65bc0cb9c3471dfe2f6583c886835e7671a625d22d02a34567a1a6805954 dbt/models/common/marts/fct_retail_sale.sql ${REPO}/dbt/models/common/marts/fct_retail_sale.sql 0644
83364742e3b1ba1718a522c3a2fe1b49a88962c905ecf41b9aa88d1b51f7c6ba dbt/models/common/marts/schema.yml ${REPO}/dbt/models/common/marts/schema.yml 0644
2983230e6215b9e2a7c0725409543ce7cf29a8e5d86deac4e4dba655baff5ed7 dbt/models/common/staging/schema.yml ${REPO}/dbt/models/common/staging/schema.yml 0644
1285d200fbdee454d174a104699d18ee2230726c9a965d70a27d44ab3b83fc33 dbt/models/common/staging/sources.yml ${REPO}/dbt/models/common/staging/sources.yml 0644
cb40dbc3af2788d9dda0f8a578f1e22e76ac0124be89ea2a08a3534d4be0c78d dbt/models/common/staging/stg_lemeng_branch.sql ${REPO}/dbt/models/common/staging/stg_lemeng_branch.sql 0644
9e793e49fb2c04cef1d6a0ee5bb7415eef441b03a29a19817e829bb159801f43 dbt/models/common/staging/stg_lemeng_item.sql ${REPO}/dbt/models/common/staging/stg_lemeng_item.sql 0644
93dd4a832633a2c9addf1e7b8be6ad469ff405624ae0b28bcb322990948a3241 dbt/models/common/staging/stg_lemeng_retail_detail.sql ${REPO}/dbt/models/common/staging/stg_lemeng_retail_detail.sql 0644
9638d92302e694c98152fbd0b3d4fe700bb81bf7e8e243eb417c2a32ee49987b dbt/models/common/staging/stg_lemeng_retail_order_line.sql ${REPO}/dbt/models/common/staging/stg_lemeng_retail_order_line.sql 0644
acf4f3e996edff47d1d75e6635693054b4641fce9400c9ca4915251543259a13 dbt/models/customers/README.md ${REPO}/dbt/models/customers/README.md 0644
e35ce8e83454c44745e744ea45edc91662c9f73ec6e6c187ab5b292fa1ebf4cd dbt/profiles.example.yml ${REPO}/dbt/profiles.example.yml 0644
558a05f026fb95ea4c667cd0fdd19036f11483ee6262d97eb89eef60ca3602eb dbt/semantics/l1_metrics.yml ${REPO}/dbt/semantics/l1_metrics.yml 0644
d7f2b4ca776fe19e48aa0cdda0a16383362aca7b8a643bdd6c264a69b80abb0f dbt/tests/assert_fct_retail_sale_grain_unique.sql ${REPO}/dbt/tests/assert_fct_retail_sale_grain_unique.sql 0644
b435244109cd98dec80a5b605a7559c9cd0f2923d34b6488fea63ada19033f76 dbt/tests/assert_fct_retail_sale_net_amount_nonnegative.sql ${REPO}/dbt/tests/assert_fct_retail_sale_net_amount_nonnegative.sql 0644
e8ffbf302bc98198d4d7de157db720568c42817e42ee3e564e5f229c50b4baa9 dbt/tests/assert_stg_lemeng_branch_key_unique.sql ${REPO}/dbt/tests/assert_stg_lemeng_branch_key_unique.sql 0644
fe8339e0c38c1f17ca75be63fefd86718cbccdb0c68a9d70697473ddecbb356d dbt/tests/assert_stg_lemeng_item_key_unique.sql ${REPO}/dbt/tests/assert_stg_lemeng_item_key_unique.sql 0644
61417386685c4a9e527f0dac3b53c799c9ead100f97d4b1077e2f6ed1f19e130 dbt/tests/assert_stg_lemeng_retail_order_line_key_unique.sql ${REPO}/dbt/tests/assert_stg_lemeng_retail_order_line_key_unique.sql 0644
ba67981912b34333261f8c210a153833de377609c31c5ec28bfd3c9d7eae841d dbt/tests/audit_lemeng__retail__hour_row_count.sql ${REPO}/dbt/tests/audit_lemeng__retail__hour_row_count.sql 0644
fd91e6128760b284636108804e5e24137b6dc255be3ede2aaf8e4efb14b6395f dbt/tests/audit_lemeng__retail__net_sales.sql ${REPO}/dbt/tests/audit_lemeng__retail__net_sales.sql 0644
069890e1d0059e25d9df6e2fc1adcf793c824e370db84fed916fbb95f87a9a3c dbt/tests/audit_lemeng__retail__order_count.sql ${REPO}/dbt/tests/audit_lemeng__retail__order_count.sql 0644
2f8f1d2a0b26ff430cd0bf65e51bddae522ac3ecc66cd9c326b322250871438b deploy/data-compose.yml ${REPO}/deploy/data-compose.yml 0644
8679ed09c1ac5c65194c59fb2044e9edb2b7e5266ce08af4e08bd90bd4c70f6d deploy/duckle/Dockerfile ${REPO}/deploy/duckle/Dockerfile 0644
2603bbb21d839cc89afeb39c9893b0bfa0a7d2f2e98276d374d58e7f163f7f9d deploy/duckle/console/DELIVERY.md ${REPO}/deploy/duckle/console/DELIVERY.md 0644
1400d3594fe2c5d513b7f96493c25027d19b21ec52e6c2a5a1403f627990848f deploy/duckle/console/README.md ${REPO}/deploy/duckle/console/README.md 0644
f3013c607460e595c471698d24ae3da0723aa5e31e139b3ba07e5db40ee59278 deploy/duckle/console/alerts.lemeng.json ${REPO}/deploy/duckle/console/alerts.lemeng.json 0644
4ed2f3b59e4633448e9ddd0979ca0e7585af24949bfa0c7bb12710b7601c55f7 deploy/duckle/console/owners.lemeng.json ${REPO}/deploy/duckle/console/owners.lemeng.json 0644
044c8359aba419540f6535674a730ca5d28e396e53737401dc8aa54044e08622 deploy/duckle/console/pipelines/FLOW.lemeng.md ${REPO}/deploy/duckle/console/pipelines/FLOW.lemeng.md 0644
7039c29c4d8c215c780e4ec987789c184844d375d4ce84968f837d0f0bfa7ccd deploy/duckle/console/pipelines/README.md ${REPO}/deploy/duckle/console/pipelines/README.md 0644
70f4eea18187b50fed5144aac7e8fb7c5e644983a42063cc91ae00580d8a6a03 deploy/duckle/console/pipelines/lemeng.dim.branch.l0.json ${REPO}/deploy/duckle/console/pipelines/lemeng.dim.branch.l0.json 0644
f27414725b75d8f8764645e7366c45ad8da85a836106656f7490c45370b0d968 deploy/duckle/console/pipelines/lemeng.dim.item.l0.json ${REPO}/deploy/duckle/console/pipelines/lemeng.dim.item.l0.json 0644
cb9be6077ea55c556b605cc891e409c2b60c912ce8b4bff0af630e03deb836e9 deploy/duckle/console/pipelines/lemeng.retail.close.l1.json ${REPO}/deploy/duckle/console/pipelines/lemeng.retail.close.l1.json 0644
99e4437d424e790c6765086a5295a3fc04d7847514041efb9dca439265d5aa26 deploy/duckle/console/pipelines/lemeng.retail.tick.l1.json ${REPO}/deploy/duckle/console/pipelines/lemeng.retail.tick.l1.json 0644
158885e757c771a2b163d870fe834b73b6df92adb0dd65f49cf728abd733fe65 deploy/duckle/console/pipelines/lemeng.retail.windows.backfill.json ${REPO}/deploy/duckle/console/pipelines/lemeng.retail.windows.backfill.json 0644
d14eba6eefd40b061e6217467c0acbad72f9ab498597ef040f6c94c8b9c749b7 deploy/duckle/console/pipelines/lemeng.retail.windows.l1.json ${REPO}/deploy/duckle/console/pipelines/lemeng.retail.windows.l1.json 0644
5e86dbd6970ac4ef386372d799dbb77568dd30921ef7a604c88e3ae4f72d07a9 deploy/duckle/console/pipelines/lemeng.retail_order_line.tick.json ${REPO}/deploy/duckle/console/pipelines/lemeng.retail_order_line.tick.json 0644
c54543d8b50f2e252b56681e39e4eba700cd109b02d12d98505245c4d2d6514b deploy/duckle/console/pipelines/lemeng.retail_order_line.window.json ${REPO}/deploy/duckle/console/pipelines/lemeng.retail_order_line.window.json 0644
6c1d93190c29cc9c1e270be2976c4bc2a25fe3a843044a8a1bcde160b402eb23 deploy/duckle/console/schedules/3120.json ${REPO}/deploy/duckle/console/schedules/3120.json 0644
6c1d93190c29cc9c1e270be2976c4bc2a25fe3a843044a8a1bcde160b402eb23 deploy/duckle/console/schedules/64188.json ${REPO}/deploy/duckle/console/schedules/64188.json 0644
a6d73597b4cb6dad45f30b9201acf8af48ec42672c79a43989b6d7e71099dd92 deploy/duckle/entrypoint.sh ${REPO}/deploy/duckle/entrypoint.sh 0644
e5692c786e70ea50917462573d035bc4cc4c9e25c81f9489fc5b3bb8070e6f64 duckle/README.md ${REPO}/duckle/README.md 0644
9c48a28d51a5c5d4f2232609c4312ea82fe4040edbd768b5966b49182ad6eef8 duckle/common/README.md ${REPO}/duckle/common/README.md 0644
691d2f8416d4588f656c174cc00528e4bfa65b85ceb84758900086ca756b2e26 duckle/customers/README.md ${REPO}/duckle/customers/README.md 0644
a477c6828f557fc13d0860edd1240d0b6446d19380270536881ac676cf046814 scripts/duckle/connection-setup.py /opt/connection-setup.py 0755
bbcc8969b337591f9431a1a06f0d603deab72d59364ce21722bb3139e7a31100 scripts/lemeng/backfill-retail-order-line.sh /opt/lemeng-backfill.sh 0755
c39a443f475d4f37374c1f68554b24de3a833e6f0b691d3a32416d4690ebe0ce scripts/lemeng/diagnose.sh /opt/lemeng-diagnose.sh 0755
d3c7fb72c9a2c243b6973177432294b446a10770b3bbad4da731fd306cad2e97 scripts/lemeng/readback-helper.sh ${REPO}/lemeng-readback.sh 0755
50e5822c1051755a5b68d2c2dbff22a53d24d6b2be918f5ee0dfaaa4d33327b6 scripts/lemeng/wire-warehouse.sh /opt/lemeng-wire-warehouse.sh 0755
